# THIS IS AN AUTOGENERATED FILE. DO NOT EDIT THIS FILE DIRECTLY.
# yarn lockfile v1


cross-fetch@^3.1.4:
  version "3.1.4"
  resolved "https://registry.yarnpkg.com/cross-fetch/-/cross-fetch-3.1.4.tgz#9723f3a3a247bf8b89039f3a380a9244e8fa2f39"
  integrity sha512-1eAtFWdIubi6T4XPy6ei9iUFoKpUkIF971QLN8lIvvvwueI65+Nw5haMNKUwfJxabqlIIDODJKGrQ66gxC0PbQ==
  dependencies:
    node-fetch "2.6.1"

electron-positioner@^4.1.0:
  version "4.1.0"
  resolved "https://registry.yarnpkg.com/electron-positioner/-/electron-positioner-4.1.0.tgz#e158f8f6aabd6725a8a9b4f2279b9504bcbea1b0"
  integrity sha512-726DfbI9ZNoCg+Fcu6XLuTKTnzf+6nFqv7h+K/V6Ug7IbaPMI7s9S8URnGtWFCy5N5PL4HSzRFF2mXuinftDdg==

menubar@^9.1.0:
  version "9.1.0"
  resolved "https://registry.yarnpkg.com/menubar/-/menubar-9.1.0.tgz#194acc6b50eb36efff60aab77c038a027e0ca2d5"
  integrity sha512-JPnaswwTKjPj11mn52TkeAohlzpfUb5R8zbwpESvFVIejIqj0IYFw6I3H5+n3Pph5VT2LhxLvm0eURTAwjXpxg==
  dependencies:
    electron-positioner "^4.1.0"

node-fetch@2.6.1:
  version "2.6.1"
  resolved "https://registry.yarnpkg.com/node-fetch/-/node-fetch-2.6.1.tgz#045bd323631f76ed2e2b55573394416b639a0052"
  integrity sha512-V4aYg89jEoVRxRb2fJdAg8FHvI7cEyYdVAh94HH0UIK8oJxUfkjlDQN9RbMx+bEjP7+ggMiFRprSti032Oipxw==
